// !$*UTF8*$!
{
	archiveVersion = 1;
	classes = {
	};
	objectVersion = 48;
	objects = {

/* Begin PBXBuildFile section */
		76930BDB2047147400675D05 /* FlowersListViewModel.swift in Sources */ = {isa = PBXBuildFile; fileRef = 76930BDA2047147400675D05 /* FlowersListViewModel.swift */; };
		76930BDD204714CC00675D05 /* FlowerViewModel.swift in Sources */ = {isa = PBXBuildFile; fileRef = 76930BDC204714CC00675D05 /* FlowerViewModel.swift */; };
		76930BDF2047161400675D05 /* Flower.swift in Sources */ = {isa = PBXBuildFile; fileRef = 76930BDE2047161400675D05 /* Flower.swift */; };
		8D2590B91FE2984600DE8F4B /* Webservice.swift in Sources */ = {isa = PBXBuildFile; fileRef = 8D2590B81FE2984600DE8F4B /* Webservice.swift */; };
		8DEBF60C1FDF27B000C257BC /* AppDelegate.swift in Sources */ = {isa = PBXBuildFile; fileRef = 8DEBF60B1FDF27B000C257BC /* AppDelegate.swift */; };
		8DEBF60E1FDF27B000C257BC /* ViewController.swift in Sources */ = {isa = PBXBuildFile; fileRef = 8DEBF60D1FDF27B000C257BC /* ViewController.swift */; };
		8DEBF6111FDF27B000C257BC /* Main.storyboard in Resources */ = {isa = PBXBuildFile; fileRef = 8DEBF60F1FDF27B000C257BC /* Main.storyboard */; };
		8DEBF6131FDF27B000C257BC /* Assets.xcassets in Resources */ = {isa = PBXBuildFile; fileRef = 8DEBF6121FDF27B000C257BC /* Assets.xcassets */; };
		8DEBF6161FDF27B000C257BC /* LaunchScreen.storyboard in Resources */ = {isa = PBXBuildFile; fileRef = 8DEBF6141FDF27B000C257BC /* LaunchScreen.storyboard */; };
		8DEBF61E1FDF280100C257BC /* FlowersTableViewController.swift in Sources */ = {isa = PBXBuildFile; fileRef = 8DEBF61D1FDF280100C257BC /* FlowersTableViewController.swift */; };
/* End PBXBuildFile section */

/* Begin PBXFileReference section */
		76930BDA2047147400675D05 /* FlowersListViewModel.swift */ = {isa = PBXFileReference; lastKnownFileType = sourcecode.swift; path = FlowersListViewModel.swift; sourceTree = "<group>"; };
		76930BDC204714CC00675D05 /* FlowerViewModel.swift */ = {isa = PBXFileReference; lastKnownFileType = sourcecode.swift; path = FlowerViewModel.swift; sourceTree = "<group>"; };
		76930BDE2047161400675D05 /* Flower.swift */ = {isa = PBXFileReference; lastKnownFileType = sourcecode.swift; path = Flower.swift; sourceTree = "<group>"; };
		8D2590B81FE2984600DE8F4B /* Webservice.swift */ = {isa = PBXFileReference; lastKnownFileType = sourcecode.swift; path = Webservice.swift; sourceTree = "<group>"; };
		8DEBF6081FDF27B000C257BC /* FlowersApp.app */ = {isa = PBXFileReference; explicitFileType = wrapper.application; includeInIndex = 0; path = FlowersApp.app; sourceTree = BUILT_PRODUCTS_DIR; };
		8DEBF60B1FDF27B000C257BC /* AppDelegate.swift */ = {isa = PBXFileReference; lastKnownFileType = sourcecode.swift; path = AppDelegate.swift; sourceTree = "<group>"; };
		8DEBF60D1FDF27B000C257BC /* ViewController.swift */ = {isa = PBXFileReference; lastKnownFileType = sourcecode.swift; path = ViewController.swift; sourceTree = "<group>"; };
		8DEBF6101FDF27B000C257BC /* Base */ = {isa = PBXFileReference; lastKnownFileType = file.storyboard; name = Base; path = Base.lproj/Main.storyboard; sourceTree = "<group>"; };
		8DEBF6121FDF27B000C257BC /* Assets.xcassets */ = {isa = PBXFileReference; lastKnownFileType = folder.assetcatalog; path = Assets.xcassets; sourceTree = "<group>"; };
		8DEBF6151FDF27B000C257BC /* Base */ = {isa = PBXFileReference; lastKnownFileType = file.storyboard; name = Base; path = Base.lproj/LaunchScreen.storyboard; sourceTree = "<group>"; };
		8DEBF6171FDF27B000C257BC /* Info.plist */ = {isa = PBXFileReference; lastKnownFileType = text.plist.xml; path = Info.plist; sourceTree = "<group>"; };
		8DEBF61D1FDF280100C257BC /* FlowersTableViewController.swift */ = {isa = PBXFileReference; lastKnownFileType = sourcecode.swift; path = FlowersTableViewController.swift; sourceTree = "<group>"; };
/* End PBXFileReference section */

/* Begin PBXFrameworksBuildPhase section */
		8DEBF6051FDF27B000C257BC /* Frameworks */ = {
			isa = PBXFrameworksBuildPhase;
			buildActionMask = 2147483647;
			files = (
			);
			runOnlyForDeploymentPostprocessing = 0;
		};
/* End PBXFrameworksBuildPhase section */

/* Begin PBXGroup section */
		8DEBF5FF1FDF27B000C257BC = {
			isa = PBXGroup;
			children = (
				8DEBF60A1FDF27B000C257BC /* FlowersApp */,
				8DEBF6091FDF27B000C257BC /* Products */,
			);
			sourceTree = "<group>";
		};
		8DEBF6091FDF27B000C257BC /* Products */ = {
			isa = PBXGroup;
			children = (
				8DEBF6081FDF27B000C257BC /* FlowersApp.app */,
			);
			name = Products;
			sourceTree = "<group>";
		};
		8DEBF60A1FDF27B000C257BC /* FlowersApp */ = {
			isa = PBXGroup;
			children = (
				8DEBF60B1FDF27B000C257BC /* AppDelegate.swift */,
				8DEBF60D1FDF27B000C257BC /* ViewController.swift */,
				8DEBF60F1FDF27B000C257BC /* Main.storyboard */,
				8DEBF6121FDF27B000C257BC /* Assets.xcassets */,
				8DEBF6141FDF27B000C257BC /* LaunchScreen.storyboard */,
				8DEBF6171FDF27B000C257BC /* Info.plist */,
				8DEBF61D1FDF280100C257BC /* FlowersTableViewController.swift */,
				8D2590B81FE2984600DE8F4B /* Webservice.swift */,
				76930BDA2047147400675D05 /* FlowersListViewModel.swift */,
				76930BDC204714CC00675D05 /* FlowerViewModel.swift */,
				76930BDE2047161400675D05 /* Flower.swift */,
			);
			path = FlowersApp;
			sourceTree = "<group>";
		};
/* End PBXGroup section */

/* Begin PBXNativeTarget section */
		8DEBF6071FDF27B000C257BC /* FlowersApp */ = {
			isa = PBXNativeTarget;
			buildConfigurationList = 8DEBF61A1FDF27B000C257BC /* Build configuration list for PBXNativeTarget "FlowersApp" */;
			buildPhases = (
				8DEBF6041FDF27B000C257BC /* Sources */,
				8DEBF6051FDF27B000C257BC /* Frameworks */,
				8DEBF6061FDF27B000C257BC /* Resources */,
			);
			buildRules = (
			);
			dependencies = (
			);
			name = FlowersApp;
			productName = FlowersApp;
			productReference = 8DEBF6081FDF27B000C257BC /* FlowersApp.app */;
			productType = "com.apple.product-type.application";
		};
/* End PBXNativeTarget section */

/* Begin PBXProject section */
		8DEBF6001FDF27B000C257BC /* Project object */ = {
			isa = PBXProject;
			attributes = {
				LastSwiftUpdateCheck = 0920;
				LastUpgradeCheck = 0920;
				ORGANIZATIONNAME = "Mohammad Azam";
				TargetAttributes = {
					8DEBF6071FDF27B000C257BC = {
						CreatedOnToolsVersion = 9.2;
						ProvisioningStyle = Automatic;
					};
				};
			};
			buildConfigurationList = 8DEBF6031FDF27B000C257BC /* Build configuration list for PBXProject "FlowersApp" */;
			compatibilityVersion = "Xcode 8.0";
			developmentRegion = en;
			hasScannedForEncodings = 0;
			knownRegions = (
				en,
				Base,
			);
			mainGroup = 8DEBF5FF1FDF27B000C257BC;
			productRefGroup = 8DEBF6091FDF27B000C257BC /* Products */;
			projectDirPath = "";
			projectRoot = "";
			targets = (
				8DEBF6071FDF27B000C257BC /* FlowersApp */,
			);
		};
/* End PBXProject section */

/* Begin PBXResourcesBuildPhase section */
		8DEBF6061FDF27B000C257BC /* Resources */ = {
			isa = PBXResourcesBuildPhase;
			buildActionMask = 2147483647;
			files = (
				8DEBF6161FDF27B000C257BC /* LaunchScreen.storyboard in Resources */,
				8DEBF6131FDF27B000C257BC /* Assets.xcassets in Resources */,
				8DEBF6111FDF27B000C257BC /* Main.storyboard in Resources */,
			);
			runOnlyForDeploymentPostprocessing = 0;
		};
/* End PBXResourcesBuildPhase section */

/* Begin PBXSourcesBuildPhase section */
		8DEBF6041FDF27B000C257BC /* Sources */ = {
			isa = PBXSourcesBuildPhase;
			buildActionMask = 2147483647;
			files = (
				76930BDF2047161400675D05 /* Flower.swift in Sources */,
				76930BDB2047147400675D05 /* FlowersListViewModel.swift in Sources */,
				8DEBF61E1FDF280100C257BC /* FlowersTableViewController.swift in Sources */,
				8DEBF60E1FDF27B000C257BC /* ViewController.swift in Sources */,
				76930BDD204714CC00675D05 /* FlowerViewModel.swift in Sources */,
				8D2590B91FE2984600DE8F4B /* Webservice.swift in Sources */,
				8DEBF60C1FDF27B000C257BC /* AppDelegate.swift in Sources */,
			);
			runOnlyForDeploymentPostprocessing = 0;
		};
/* End PBXSourcesBuildPhase section */

/* Begin PBXVariantGroup section */
		8DEBF60F1FDF27B000C257BC /* Main.storyboard */ = {
			isa = PBXVariantGroup;
			children = (
				8DEBF6101FDF27B000C257BC /* Base */,
			);
			name = Main.storyboard;
			sourceTree = "<group>";
		};
		8DEBF6141FDF27B000C257BC /* LaunchScreen.storyboard */ = {
			isa = PBXVariantGroup;
			children = (
				8DEBF6151FDF27B000C257BC /* Base */,
			);
			name = LaunchScreen.storyboard;
			sourceTree = "<group>";
		};
/* End PBXVariantGroup section */

/* Begin XCBuildConfiguration section */
		8DEBF6181FDF27B000C257BC /* Debug */ = {
			isa = XCBuildConfiguration;
			buildSettings = {
				ALWAYS_SEARCH_USER_PATHS = NO;
				CLANG_ANALYZER_NONNULL = YES;
				CLANG_ANALYZER_NUMBER_OBJECT_CONVERSION = YES_AGGRESSIVE;
				CLANG_CXX_LANGUAGE_STANDARD = "gnu++14";
				CLANG_CXX_LIBRARY = "libc++";
				CLANG_ENABLE_MODULES = YES;
				CLANG_ENABLE_OBJC_ARC = YES;
				CLANG_WARN_BLOCK_CAPTURE_AUTORELEASING = YES;
				CLANG_WARN_BOOL_CONVERSION = YES;
				CLANG_WARN_COMMA = YES;
				CLANG_WARN_CONSTANT_CONVERSION = YES;
				CLANG_WARN_DIRECT_OBJC_ISA_USAGE = YES_ERROR;
				CLANG_WARN_DOCUMENTATION_COMMENTS = YES;
				CLANG_WARN_EMPTY_BODY = YES;
				CLANG_WARN_ENUM_CONVERSION = YES;
				CLANG_WARN_INFINITE_RECURSION = YES;
				CLANG_WARN_INT_CONVERSION = YES;
				CLANG_WARN_NON_LITERAL_NULL_CONVERSION = YES;
				CLANG_WARN_OBJC_LITERAL_CONVERSION = YES;
				CLANG_WARN_OBJC_ROOT_CLASS = YES_ERROR;
				CLANG_WARN_RANGE_LOOP_ANALYSIS = YES;
				CLANG_WARN_STRICT_PROTOTYPES = YES;
				CLANG_WARN_SUSPICIOUS_MOVE = YES;
				CLANG_WARN_UNGUARDED_AVAILABILITY = YES_AGGRESSIVE;
				CLANG_WARN_UNREACHABLE_CODE = YES;
				CLANG_WARN__DUPLICATE_METHOD_MATCH = YES;
				CODE_SIGN_IDENTITY = "iPhone Developer";
				COPY_PHASE_STRIP = NO;
				DEBUG_INFORMATION_FORMAT = dwarf;
				ENABLE_STRICT_OBJC_MSGSEND = YES;
				ENABLE_TESTABILITY = YES;
				GCC_C_LANGUAGE_STANDARD = gnu11;
				GCC_DYNAMIC_NO_PIC = NO;
				GCC_NO_COMMON_BLOCKS = YES;
				GCC_OPTIMIZATION_LEVEL = 0;
				GCC_PREPROCESSOR_DEFINITIONS = (
					"DEBUG=1",
					"$(inherited)",
				);
				GCC_WARN_64_TO_32_BIT_CONVERSION = YES;
				GCC_WARN_ABOUT_RETURN_TYPE = YES_ERROR;
				GCC_WARN_UNDECLARED_SELECTOR = YES;
				GCC_WARN_UNINITIALIZED_AUTOS = YES_AGGRESSIVE;
				GCC_WARN_UNUSED_FUNCTION = YES;
				GCC_WARN_UNUSED_VARIABLE = YES;
				IPHONEOS_DEPLOYMENT_TARGET = 11.2;
				MTL_ENABLE_DEBUG_INFO = YES;
				ONLY_ACTIVE_ARCH = YES;
				SDKROOT = iphoneos;
				SWIFT_ACTIVE_COMPILATION_CONDITIONS = DEBUG;
				SWIFT_OPTIMIZATION_LEVEL = "-Onone";
			};
			name = Debug;
		};
		8DEBF6191FDF27B000C257BC /* Release */ = {
			isa = XCBuildConfiguration;
			buildSettings = {
				ALWAYS_SEARCH_USER_PATHS = NO;
				CLANG_ANALYZER_NONNULL = YES;
				CLANG_ANALYZER_NUMBER_OBJECT_CONVERSION = YES_AGGRESSIVE;
				CLANG_CXX_LANGUAGE_STANDARD = "gnu++14";
				CLANG_CXX_LIBRARY = "libc++";
				CLANG_ENABLE_MODULES = YES;
				CLANG_ENABLE_OBJC_ARC = YES;
				CLANG_WARN_BLOCK_CAPTURE_AUTORELEASING = YES;
				CLANG_WARN_BOOL_CONVERSION = YES;
				CLANG_WARN_COMMA = YES;
				CLANG_WARN_CONSTANT_CONVERSION = YES;
				CLANG_WARN_DIRECT_OBJC_ISA_USAGE = YES_ERROR;
				CLANG_WARN_DOCUMENTATION_COMMENTS = YES;
				CLANG_WARN_EMPTY_BODY = YES;
				CLANG_WARN_ENUM_CONVERSION = YES;
				CLANG_WARN_INFINITE_RECURSION = YES;
				CLANG_WARN_INT_CONVERSION = YES;
				CLANG_WARN_NON_LITERAL_NULL_CONVERSION = YES;
				CLANG_WARN_OBJC_LITERAL_CONVERSION = YES;
				CLANG_WARN_OBJC_ROOT_CLASS = YES_ERROR;
				CLANG_WARN_RANGE_LOOP_ANALYSIS = YES;
				CLANG_WARN_STRICT_PROTOTYPES = YES;
				CLANG_WARN_SUSPICIOUS_MOVE = YES;
				CLANG_WARN_UNGUARDED_AVAILABILITY = YES_AGGRESSIVE;
				CLANG_WARN_UNREACHABLE_CODE = YES;
				CLANG_WARN__DUPLICATE_METHOD_MATCH = YES;
				CODE_SIGN_IDENTITY = "iPhone Developer";
				COPY_PHASE_STRIP = NO;
				DEBUG_INFORMATION_FORMAT = "dwarf-with-dsym";
				ENABLE_NS_ASSERTIONS = NO;
				ENABLE_STRICT_OBJC_MSGSEND = YES;
				GCC_C_LANGUAGE_STANDARD = gnu11;
				GCC_NO_COMMON_BLOCKS = YES;
				GCC_WARN_64_TO_32_BIT_CONVERSION = YES;
				GCC_WARN_ABOUT_RETURN_TYPE = YES_ERROR;
				GCC_WARN_UNDECLARED_SELECTOR = YES;
				GCC_WARN_UNINITIALIZED_AUTOS = YES_AGGRESSIVE;
				GCC_WARN_UNUSED_FUNCTION = YES;
				GCC_WARN_UNUSED_VARIABLE = YES;
				IPHONEOS_DEPLOYMENT_TARGET = 11.2;
				MTL_ENABLE_DEBUG_INFO = NO;
				SDKROOT = iphoneos;
				SWIFT_OPTIMIZATION_LEVEL = "-Owholemodule";
				VALIDATE_PRODUCT = YES;
			};
			name = Release;
		};
		8DEBF61B1FDF27B000C257BC /* Debug */ = {
			isa = XCBuildConfiguration;
			buildSettings = {
				ASSETCATALOG_COMPILER_APPICON_NAME = AppIcon;
				CODE_SIGN_STYLE = Automatic;
				DEVELOPMENT_TEAM = 2L8WPWWVB6;
				INFOPLIST_FILE = FlowersApp/Info.plist;
				LD_RUNPATH_SEARCH_PATHS = "$(inherited) @executable_path/Frameworks";
				PRODUCT_BUNDLE_IDENTIFIER = com.azamsharp.FlowersApp;
				PRODUCT_NAME = "$(TARGET_NAME)";
				SWIFT_VERSION = 4.0;
				TARGETED_DEVICE_FAMILY = 1;
			};
			name = Debug;
		};
		8DEBF61C1FDF27B000C257BC /* Release */ = {
			isa = XCBuildConfiguration;
			buildSettings = {
				ASSETCATALOG_COMPILER_APPICON_NAME = AppIcon;
				CODE_SIGN_STYLE = Automatic;
				DEVELOPMENT_TEAM = 2L8WPWWVB6;
				INFOPLIST_FILE = FlowersApp/Info.plist;
				LD_RUNPATH_SEARCH_PATHS = "$(inherited) @executable_path/Frameworks";
				PRODUCT_BUNDLE_IDENTIFIER = com.azamsharp.FlowersApp;
				PRODUCT_NAME = "$(TARGET_NAME)";
				SWIFT_VERSION = 4.0;
				TARGETED_DEVICE_FAMILY = 1;
			};
			name = Release;
		};
/* End XCBuildConfiguration section */

/* Begin XCConfigurationList section */
		8DEBF6031FDF27B000C257BC /* Build configuration list for PBXProject "FlowersApp" */ = {
			isa = XCConfigurationList;
			buildConfigurations = (
				8DEBF6181FDF27B000C257BC /* Debug */,
				8DEBF6191FDF27B000C257BC /* Release */,
			);
			defaultConfigurationIsVisible = 0;
			defaultConfigurationName = Release;
		};
		8DEBF61A1FDF27B000C257BC /* Build configuration list for PBXNativeTarget "FlowersApp" */ = {
			isa = XCConfigurationList;
			buildConfigurations = (
				8DEBF61B1FDF27B000C257BC /* Debug */,
				8DEBF61C1FDF27B000C257BC /* Release */,
			);
			defaultConfigurationIsVisible = 0;
			defaultConfigurationName = Release;
		};
/* End XCConfigurationList section */
	};
	rootObject = 8DEBF6001FDF27B000C257BC /* Project object */;
}
